
Microsoft Visual Studio Solution File, Format Version 12.00
# Visual Studio Version 16
VisualStudioVersion = 16.0.30503.244
MinimumVisualStudioVersion = 10.0.40219.1
Project("{FAE04EC0-301F-11D3-BF4B-00C04F79EFBC}") = "DM_Assignment_6a_Static_Analysis_Data_Structure", "DM_Assignment_6a_Static_Analysis_Data_Structure.csproj", "{EB9B572B-B7C4-4154-A110-54BC1FC669E8}"
EndProject
Global
	GlobalSection(SolutionConfigurationPlatforms) = preSolution
		Debug|Any CPU = Debug|Any CPU
		Release|Any CPU = Release|Any CPU
	EndGlobalSection
	GlobalSection(ProjectConfigurationPlatforms) = postSolution
		{EB9B572B-B7C4-4154-A110-54BC1FC669E8}.Debug|Any CPU.ActiveCfg = Debug|Any CPU
		{EB9B572B-B7C4-4154-A110-54BC1FC669E8}.Debug|Any CPU.Build.0 = Debug|Any CPU
		{EB9B572B-B7C4-4154-A110-54BC1FC669E8}.Release|Any CPU.ActiveCfg = Release|Any CPU
		{EB9B572B-B7C4-4154-A110-54BC1FC669E8}.Release|Any CPU.Build.0 = Release|Any CPU
	EndGlobalSection
	GlobalSection(SolutionProperties) = preSolution
		HideSolutionNode = FALSE
	EndGlobalSection
	GlobalSection(ExtensibilityGlobals) = postSolution
		SolutionGuid = {5D54409F-3087-477A-837D-4A273740B105}
	EndGlobalSection
EndGlobal
